// !$*UTF8*$!
{
	archiveVersion = 1;
	classes = {
	};
	objectVersion = 56;
	objects = {

/* Begin PBXBuildFile section */
		1E0B42FE2BED103A002DF0E8 /* poke_indexApp.swift in Sources */ = {isa = PBXBuildFile; fileRef = 1E0B42FD2BED103A002DF0E8 /* poke_indexApp.swift */; };
		1E0B43002BED103A002DF0E8 /* ContentView.swift in Sources */ = {isa = PBXBuildFile; fileRef = 1E0B42FF2BED103A002DF0E8 /* ContentView.swift */; };
		1E0B43022BED103F002DF0E8 /* Assets.xcassets in Resources */ = {isa = PBXBuildFile; fileRef = 1E0B43012BED103F002DF0E8 /* Assets.xcassets */; };
		1E0B43052BED103F002DF0E8 /* Preview Assets.xcassets in Resources */ = {isa = PBXBuildFile; fileRef = 1E0B43042BED103F002DF0E8 /* Preview Assets.xcassets */; };
		1E0B43072BED103F002DF0E8 /* DataController.swift in Sources */ = {isa = PBXBuildFile; fileRef = 1E0B43062BED103F002DF0E8 /* DataController.swift */; };
		1E0B43172BED20AF002DF0E8 /* Result.swift in Sources */ = {isa = PBXBuildFile; fileRef = 1E0B43162BED20AF002DF0E8 /* Result.swift */; };
		1E0B43192BED3F2E002DF0E8 /* Pokemon+UI.swift in Sources */ = {isa = PBXBuildFile; fileRef = 1E0B43182BED3F2E002DF0E8 /* Pokemon+UI.swift */; };
		1E0B431B2BED47A5002DF0E8 /* PokemonView.swift in Sources */ = {isa = PBXBuildFile; fileRef = 1E0B431A2BED47A5002DF0E8 /* PokemonView.swift */; };
		1E0B431F2BED4EDC002DF0E8 /* PokemonRowView.swift in Sources */ = {isa = PBXBuildFile; fileRef = 1E0B431E2BED4EDC002DF0E8 /* PokemonRowView.swift */; };
		1E6E01B72BF36B7100573C92 /* Pokemon.swift in Sources */ = {isa = PBXBuildFile; fileRef = 1E6E01B62BF36B7100573C92 /* Pokemon.swift */; };
		1E6E01F12BF3BB3200573C92 /* PokemonListView.swift in Sources */ = {isa = PBXBuildFile; fileRef = 1E6E01F02BF3BB3200573C92 /* PokemonListView.swift */; };
		1ED404972BEDFB4100B2E53B /* PokemonStatistic.swift in Sources */ = {isa = PBXBuildFile; fileRef = 1ED404962BEDFB4100B2E53B /* PokemonStatistic.swift */; };
		1ED4049D2BEE017D00B2E53B /* PokemonStatistic+UI.swift in Sources */ = {isa = PBXBuildFile; fileRef = 1ED4049C2BEE017D00B2E53B /* PokemonStatistic+UI.swift */; };
		1ED4049F2BEE0AFC00B2E53B /* StatisticView.swift in Sources */ = {isa = PBXBuildFile; fileRef = 1ED4049E2BEE0AFC00B2E53B /* StatisticView.swift */; };
		1ED404A12BEE0C3200B2E53B /* TotalStatisticView.swift in Sources */ = {isa = PBXBuildFile; fileRef = 1ED404A02BEE0C3200B2E53B /* TotalStatisticView.swift */; };
		1ED404A72BEE154900B2E53B /* PokemonType.swift in Sources */ = {isa = PBXBuildFile; fileRef = 1ED404A62BEE154900B2E53B /* PokemonType.swift */; };
		1ED404A92BEE166000B2E53B /* PokemonType+UI.swift in Sources */ = {isa = PBXBuildFile; fileRef = 1ED404A82BEE166000B2E53B /* PokemonType+UI.swift */; };
		1ED404AB2BF109CE00B2E53B /* PokemonTypeView.swift in Sources */ = {isa = PBXBuildFile; fileRef = 1ED404AA2BF109CE00B2E53B /* PokemonTypeView.swift */; };
/* End PBXBuildFile section */

/* Begin PBXFileReference section */
		1E0B42FA2BED103A002DF0E8 /* poke-index.app */ = {isa = PBXFileReference; explicitFileType = wrapper.application; includeInIndex = 0; path = "poke-index.app"; sourceTree = BUILT_PRODUCTS_DIR; };
		1E0B42FD2BED103A002DF0E8 /* poke_indexApp.swift */ = {isa = PBXFileReference; lastKnownFileType = sourcecode.swift; path = poke_indexApp.swift; sourceTree = "<group>"; };
		1E0B42FF2BED103A002DF0E8 /* ContentView.swift */ = {isa = PBXFileReference; lastKnownFileType = sourcecode.swift; path = ContentView.swift; sourceTree = "<group>"; };
		1E0B43012BED103F002DF0E8 /* Assets.xcassets */ = {isa = PBXFileReference; lastKnownFileType = folder.assetcatalog; path = Assets.xcassets; sourceTree = "<group>"; };
		1E0B43042BED103F002DF0E8 /* Preview Assets.xcassets */ = {isa = PBXFileReference; lastKnownFileType = folder.assetcatalog; path = "Preview Assets.xcassets"; sourceTree = "<group>"; };
		1E0B43062BED103F002DF0E8 /* DataController.swift */ = {isa = PBXFileReference; lastKnownFileType = sourcecode.swift; path = DataController.swift; sourceTree = "<group>"; };
		1E0B43162BED20AF002DF0E8 /* Result.swift */ = {isa = PBXFileReference; lastKnownFileType = sourcecode.swift; path = Result.swift; sourceTree = "<group>"; };
		1E0B43182BED3F2E002DF0E8 /* Pokemon+UI.swift */ = {isa = PBXFileReference; lastKnownFileType = sourcecode.swift; path = "Pokemon+UI.swift"; sourceTree = "<group>"; };
		1E0B431A2BED47A5002DF0E8 /* PokemonView.swift */ = {isa = PBXFileReference; lastKnownFileType = sourcecode.swift; path = PokemonView.swift; sourceTree = "<group>"; };
		1E0B431E2BED4EDC002DF0E8 /* PokemonRowView.swift */ = {isa = PBXFileReference; lastKnownFileType = sourcecode.swift; path = PokemonRowView.swift; sourceTree = "<group>"; };
		1E6E01B62BF36B7100573C92 /* Pokemon.swift */ = {isa = PBXFileReference; lastKnownFileType = sourcecode.swift; path = Pokemon.swift; sourceTree = "<group>"; };
		1E6E01F02BF3BB3200573C92 /* PokemonListView.swift */ = {isa = PBXFileReference; lastKnownFileType = sourcecode.swift; path = PokemonListView.swift; sourceTree = "<group>"; };
		1ED404962BEDFB4100B2E53B /* PokemonStatistic.swift */ = {isa = PBXFileReference; lastKnownFileType = sourcecode.swift; path = PokemonStatistic.swift; sourceTree = "<group>"; };
		1ED4049C2BEE017D00B2E53B /* PokemonStatistic+UI.swift */ = {isa = PBXFileReference; lastKnownFileType = sourcecode.swift; path = "PokemonStatistic+UI.swift"; sourceTree = "<group>"; };
		1ED4049E2BEE0AFC00B2E53B /* StatisticView.swift */ = {isa = PBXFileReference; lastKnownFileType = sourcecode.swift; path = StatisticView.swift; sourceTree = "<group>"; };
		1ED404A02BEE0C3200B2E53B /* TotalStatisticView.swift */ = {isa = PBXFileReference; lastKnownFileType = sourcecode.swift; path = TotalStatisticView.swift; sourceTree = "<group>"; };
		1ED404A62BEE154900B2E53B /* PokemonType.swift */ = {isa = PBXFileReference; lastKnownFileType = sourcecode.swift; path = PokemonType.swift; sourceTree = "<group>"; };
		1ED404A82BEE166000B2E53B /* PokemonType+UI.swift */ = {isa = PBXFileReference; lastKnownFileType = sourcecode.swift; path = "PokemonType+UI.swift"; sourceTree = "<group>"; };
		1ED404AA2BF109CE00B2E53B /* PokemonTypeView.swift */ = {isa = PBXFileReference; lastKnownFileType = sourcecode.swift; path = PokemonTypeView.swift; sourceTree = "<group>"; };
/* End PBXFileReference section */

/* Begin PBXFrameworksBuildPhase section */
		1E0B42F72BED103A002DF0E8 /* Frameworks */ = {
			isa = PBXFrameworksBuildPhase;
			buildActionMask = 2147483647;
			files = (
			);
			runOnlyForDeploymentPostprocessing = 0;
		};
/* End PBXFrameworksBuildPhase section */

/* Begin PBXGroup section */
		1E0B42F12BED103A002DF0E8 = {
			isa = PBXGroup;
			children = (
				1E0B42FC2BED103A002DF0E8 /* poke-index */,
				1E0B42FB2BED103A002DF0E8 /* Products */,
			);
			sourceTree = "<group>";
		};
		1E0B42FB2BED103A002DF0E8 /* Products */ = {
			isa = PBXGroup;
			children = (
				1E0B42FA2BED103A002DF0E8 /* poke-index.app */,
			);
			name = Products;
			sourceTree = "<group>";
		};
		1E0B42FC2BED103A002DF0E8 /* poke-index */ = {
			isa = PBXGroup;
			children = (
				1EE5D3BA2BEDF99F0077992C /* Helpers */,
				1E0B431D2BED4E94002DF0E8 /* Model */,
				1E0B431C2BED4E69002DF0E8 /* Views */,
				1E0B42FD2BED103A002DF0E8 /* poke_indexApp.swift */,
				1E0B43012BED103F002DF0E8 /* Assets.xcassets */,
				1E0B43032BED103F002DF0E8 /* Preview Content */,
			);
			path = "poke-index";
			sourceTree = "<group>";
		};
		1E0B43032BED103F002DF0E8 /* Preview Content */ = {
			isa = PBXGroup;
			children = (
				1E0B43042BED103F002DF0E8 /* Preview Assets.xcassets */,
			);
			path = "Preview Content";
			sourceTree = "<group>";
		};
		1E0B431C2BED4E69002DF0E8 /* Views */ = {
			isa = PBXGroup;
			children = (
				1E0B42FF2BED103A002DF0E8 /* ContentView.swift */,
				1E6E01F02BF3BB3200573C92 /* PokemonListView.swift */,
				1E0B431E2BED4EDC002DF0E8 /* PokemonRowView.swift */,
				1ED404AA2BF109CE00B2E53B /* PokemonTypeView.swift */,
				1E0B431A2BED47A5002DF0E8 /* PokemonView.swift */,
				1ED4049E2BEE0AFC00B2E53B /* StatisticView.swift */,
				1ED404A02BEE0C3200B2E53B /* TotalStatisticView.swift */,
			);
			path = Views;
			sourceTree = "<group>";
		};
		1E0B431D2BED4E94002DF0E8 /* Model */ = {
			isa = PBXGroup;
			children = (
				1E0B43062BED103F002DF0E8 /* DataController.swift */,
				1E6E01B62BF36B7100573C92 /* Pokemon.swift */,
				1ED404962BEDFB4100B2E53B /* PokemonStatistic.swift */,
				1ED404A62BEE154900B2E53B /* PokemonType.swift */,
				1E0B43162BED20AF002DF0E8 /* Result.swift */,
			);
			path = Model;
			sourceTree = "<group>";
		};
		1EE5D3BA2BEDF99F0077992C /* Helpers */ = {
			isa = PBXGroup;
			children = (
				1E0B43182BED3F2E002DF0E8 /* Pokemon+UI.swift */,
				1ED4049C2BEE017D00B2E53B /* PokemonStatistic+UI.swift */,
				1ED404A82BEE166000B2E53B /* PokemonType+UI.swift */,
			);
			path = Helpers;
			sourceTree = "<group>";
		};
/* End PBXGroup section */

/* Begin PBXNativeTarget section */
		1E0B42F92BED103A002DF0E8 /* poke-index */ = {
			isa = PBXNativeTarget;
			buildConfigurationList = 1E0B430D2BED103F002DF0E8 /* Build configuration list for PBXNativeTarget "poke-index" */;
			buildPhases = (
				1E0B42F62BED103A002DF0E8 /* Sources */,
				1E0B42F72BED103A002DF0E8 /* Frameworks */,
				1E0B42F82BED103A002DF0E8 /* Resources */,
			);
			buildRules = (
			);
			dependencies = (
			);
			name = "poke-index";
			productName = "poke-index";
			productReference = 1E0B42FA2BED103A002DF0E8 /* poke-index.app */;
			productType = "com.apple.product-type.application";
		};
/* End PBXNativeTarget section */

/* Begin PBXProject section */
		1E0B42F22BED103A002DF0E8 /* Project object */ = {
			isa = PBXProject;
			attributes = {
				BuildIndependentTargetsInParallel = 1;
				LastSwiftUpdateCheck = 1420;
				LastUpgradeCheck = 1420;
				TargetAttributes = {
					1E0B42F92BED103A002DF0E8 = {
						CreatedOnToolsVersion = 14.2;
					};
				};
			};
			buildConfigurationList = 1E0B42F52BED103A002DF0E8 /* Build configuration list for PBXProject "poke-index" */;
			compatibilityVersion = "Xcode 14.0";
			developmentRegion = en;
			hasScannedForEncodings = 0;
			knownRegions = (
				en,
				Base,
			);
			mainGroup = 1E0B42F12BED103A002DF0E8;
			productRefGroup = 1E0B42FB2BED103A002DF0E8 /* Products */;
			projectDirPath = "";
			projectRoot = "";
			targets = (
				1E0B42F92BED103A002DF0E8 /* poke-index */,
			);
		};
/* End PBXProject section */

/* Begin PBXResourcesBuildPhase section */
		1E0B42F82BED103A002DF0E8 /* Resources */ = {
			isa = PBXResourcesBuildPhase;
			buildActionMask = 2147483647;
			files = (
				1E0B43052BED103F002DF0E8 /* Preview Assets.xcassets in Resources */,
				1E0B43022BED103F002DF0E8 /* Assets.xcassets in Resources */,
			);
			runOnlyForDeploymentPostprocessing = 0;
		};
/* End PBXResourcesBuildPhase section */

/* Begin PBXSourcesBuildPhase section */
		1E0B42F62BED103A002DF0E8 /* Sources */ = {
			isa = PBXSourcesBuildPhase;
			buildActionMask = 2147483647;
			files = (
				1E6E01F12BF3BB3200573C92 /* PokemonListView.swift in Sources */,
				1ED404A12BEE0C3200B2E53B /* TotalStatisticView.swift in Sources */,
				1E0B431B2BED47A5002DF0E8 /* PokemonView.swift in Sources */,
				1ED404AB2BF109CE00B2E53B /* PokemonTypeView.swift in Sources */,
				1ED404A92BEE166000B2E53B /* PokemonType+UI.swift in Sources */,
				1E6E01B72BF36B7100573C92 /* Pokemon.swift in Sources */,
				1ED4049F2BEE0AFC00B2E53B /* StatisticView.swift in Sources */,
				1E0B43192BED3F2E002DF0E8 /* Pokemon+UI.swift in Sources */,
				1E0B43172BED20AF002DF0E8 /* Result.swift in Sources */,
				1ED404A72BEE154900B2E53B /* PokemonType.swift in Sources */,
				1ED404972BEDFB4100B2E53B /* PokemonStatistic.swift in Sources */,
				1E0B43072BED103F002DF0E8 /* DataController.swift in Sources */,
				1ED4049D2BEE017D00B2E53B /* PokemonStatistic+UI.swift in Sources */,
				1E0B431F2BED4EDC002DF0E8 /* PokemonRowView.swift in Sources */,
				1E0B43002BED103A002DF0E8 /* ContentView.swift in Sources */,
				1E0B42FE2BED103A002DF0E8 /* poke_indexApp.swift in Sources */,
			);
			runOnlyForDeploymentPostprocessing = 0;
		};
/* End PBXSourcesBuildPhase section */

/* Begin XCBuildConfiguration section */
		1E0B430B2BED103F002DF0E8 /* Debug */ = {
			isa = XCBuildConfiguration;
			buildSettings = {
				ALWAYS_SEARCH_USER_PATHS = NO;
				CLANG_ANALYZER_NONNULL = YES;
				CLANG_ANALYZER_NUMBER_OBJECT_CONVERSION = YES_AGGRESSIVE;
				CLANG_CXX_LANGUAGE_STANDARD = "gnu++20";
				CLANG_ENABLE_MODULES = YES;
				CLANG_ENABLE_OBJC_ARC = YES;
				CLANG_ENABLE_OBJC_WEAK = YES;
				CLANG_WARN_BLOCK_CAPTURE_AUTORELEASING = YES;
				CLANG_WARN_BOOL_CONVERSION = YES;
				CLANG_WARN_COMMA = YES;
				CLANG_WARN_CONSTANT_CONVERSION = YES;
				CLANG_WARN_DEPRECATED_OBJC_IMPLEMENTATIONS = YES;
				CLANG_WARN_DIRECT_OBJC_ISA_USAGE = YES_ERROR;
				CLANG_WARN_DOCUMENTATION_COMMENTS = YES;
				CLANG_WARN_EMPTY_BODY = YES;
				CLANG_WARN_ENUM_CONVERSION = YES;
				CLANG_WARN_INFINITE_RECURSION = YES;
				CLANG_WARN_INT_CONVERSION = YES;
				CLANG_WARN_NON_LITERAL_NULL_CONVERSION = YES;
				CLANG_WARN_OBJC_IMPLICIT_RETAIN_SELF = YES;
				CLANG_WARN_OBJC_LITERAL_CONVERSION = YES;
				CLANG_WARN_OBJC_ROOT_CLASS = YES_ERROR;
				CLANG_WARN_QUOTED_INCLUDE_IN_FRAMEWORK_HEADER = YES;
				CLANG_WARN_RANGE_LOOP_ANALYSIS = YES;
				CLANG_WARN_STRICT_PROTOTYPES = YES;
				CLANG_WARN_SUSPICIOUS_MOVE = YES;
				CLANG_WARN_UNGUARDED_AVAILABILITY = YES_AGGRESSIVE;
				CLANG_WARN_UNREACHABLE_CODE = YES;
				CLANG_WARN__DUPLICATE_METHOD_MATCH = YES;
				COPY_PHASE_STRIP = NO;
				DEBUG_INFORMATION_FORMAT = dwarf;
				ENABLE_STRICT_OBJC_MSGSEND = YES;
				ENABLE_TESTABILITY = YES;
				GCC_C_LANGUAGE_STANDARD = gnu11;
				GCC_DYNAMIC_NO_PIC = NO;
				GCC_NO_COMMON_BLOCKS = YES;
				GCC_OPTIMIZATION_LEVEL = 0;
				GCC_PREPROCESSOR_DEFINITIONS = (
					"DEBUG=1",
					"$(inherited)",
				);
				GCC_WARN_64_TO_32_BIT_CONVERSION = YES;
				GCC_WARN_ABOUT_RETURN_TYPE = YES_ERROR;
				GCC_WARN_UNDECLARED_SELECTOR = YES;
				GCC_WARN_UNINITIALIZED_AUTOS = YES_AGGRESSIVE;
				GCC_WARN_UNUSED_FUNCTION = YES;
				GCC_WARN_UNUSED_VARIABLE = YES;
				IPHONEOS_DEPLOYMENT_TARGET = 16.2;
				MTL_ENABLE_DEBUG_INFO = INCLUDE_SOURCE;
				MTL_FAST_MATH = YES;
				ONLY_ACTIVE_ARCH = YES;
				SDKROOT = iphoneos;
				SWIFT_ACTIVE_COMPILATION_CONDITIONS = DEBUG;
				SWIFT_OPTIMIZATION_LEVEL = "-Onone";
			};
			name = Debug;
		};
		1E0B430C2BED103F002DF0E8 /* Release */ = {
			isa = XCBuildConfiguration;
			buildSettings = {
				ALWAYS_SEARCH_USER_PATHS = NO;
				CLANG_ANALYZER_NONNULL = YES;
				CLANG_ANALYZER_NUMBER_OBJECT_CONVERSION = YES_AGGRESSIVE;
				CLANG_CXX_LANGUAGE_STANDARD = "gnu++20";
				CLANG_ENABLE_MODULES = YES;
				CLANG_ENABLE_OBJC_ARC = YES;
				CLANG_ENABLE_OBJC_WEAK = YES;
				CLANG_WARN_BLOCK_CAPTURE_AUTORELEASING = YES;
				CLANG_WARN_BOOL_CONVERSION = YES;
				CLANG_WARN_COMMA = YES;
				CLANG_WARN_CONSTANT_CONVERSION = YES;
				CLANG_WARN_DEPRECATED_OBJC_IMPLEMENTATIONS = YES;
				CLANG_WARN_DIRECT_OBJC_ISA_USAGE = YES_ERROR;
				CLANG_WARN_DOCUMENTATION_COMMENTS = YES;
				CLANG_WARN_EMPTY_BODY = YES;
				CLANG_WARN_ENUM_CONVERSION = YES;
				CLANG_WARN_INFINITE_RECURSION = YES;
				CLANG_WARN_INT_CONVERSION = YES;
				CLANG_WARN_NON_LITERAL_NULL_CONVERSION = YES;
				CLANG_WARN_OBJC_IMPLICIT_RETAIN_SELF = YES;
				CLANG_WARN_OBJC_LITERAL_CONVERSION = YES;
				CLANG_WARN_OBJC_ROOT_CLASS = YES_ERROR;
				CLANG_WARN_QUOTED_INCLUDE_IN_FRAMEWORK_HEADER = YES;
				CLANG_WARN_RANGE_LOOP_ANALYSIS = YES;
				CLANG_WARN_STRICT_PROTOTYPES = YES;
				CLANG_WARN_SUSPICIOUS_MOVE = YES;
				CLANG_WARN_UNGUARDED_AVAILABILITY = YES_AGGRESSIVE;
				CLANG_WARN_UNREACHABLE_CODE = YES;
				CLANG_WARN__DUPLICATE_METHOD_MATCH = YES;
				COPY_PHASE_STRIP = NO;
				DEBUG_INFORMATION_FORMAT = "dwarf-with-dsym";
				ENABLE_NS_ASSERTIONS = NO;
				ENABLE_STRICT_OBJC_MSGSEND = YES;
				GCC_C_LANGUAGE_STANDARD = gnu11;
				GCC_NO_COMMON_BLOCKS = YES;
				GCC_WARN_64_TO_32_BIT_CONVERSION = YES;
				GCC_WARN_ABOUT_RETURN_TYPE = YES_ERROR;
				GCC_WARN_UNDECLARED_SELECTOR = YES;
				GCC_WARN_UNINITIALIZED_AUTOS = YES_AGGRESSIVE;
				GCC_WARN_UNUSED_FUNCTION = YES;
				GCC_WARN_UNUSED_VARIABLE = YES;
				IPHONEOS_DEPLOYMENT_TARGET = 16.2;
				MTL_ENABLE_DEBUG_INFO = NO;
				MTL_FAST_MATH = YES;
				SDKROOT = iphoneos;
				SWIFT_COMPILATION_MODE = wholemodule;
				SWIFT_OPTIMIZATION_LEVEL = "-O";
				VALIDATE_PRODUCT = YES;
			};
			name = Release;
		};
		1E0B430E2BED103F002DF0E8 /* Debug */ = {
			isa = XCBuildConfiguration;
			buildSettings = {
				ASSETCATALOG_COMPILER_APPICON_NAME = AppIcon;
				ASSETCATALOG_COMPILER_GLOBAL_ACCENT_COLOR_NAME = AccentColor;
				CODE_SIGN_STYLE = Automatic;
				CURRENT_PROJECT_VERSION = 1;
				DEVELOPMENT_ASSET_PATHS = "\"poke-index/Preview Content\"";
				ENABLE_PREVIEWS = YES;
				GENERATE_INFOPLIST_FILE = YES;
				INFOPLIST_KEY_UIApplicationSceneManifest_Generation = YES;
				INFOPLIST_KEY_UIApplicationSupportsIndirectInputEvents = YES;
				INFOPLIST_KEY_UILaunchScreen_Generation = YES;
				INFOPLIST_KEY_UISupportedInterfaceOrientations_iPad = "UIInterfaceOrientationPortrait UIInterfaceOrientationPortraitUpsideDown UIInterfaceOrientationLandscapeLeft UIInterfaceOrientationLandscapeRight";
				INFOPLIST_KEY_UISupportedInterfaceOrientations_iPhone = "UIInterfaceOrientationPortrait UIInterfaceOrientationLandscapeLeft UIInterfaceOrientationLandscapeRight";
				IPHONEOS_DEPLOYMENT_TARGET = 17.0;
				LD_RUNPATH_SEARCH_PATHS = (
					"$(inherited)",
					"@executable_path/Frameworks",
				);
				MARKETING_VERSION = 1.0;
				PRODUCT_BUNDLE_IDENTIFIER = "com.garymeehan.poke-index";
				PRODUCT_NAME = "$(TARGET_NAME)";
				SWIFT_EMIT_LOC_STRINGS = YES;
				SWIFT_VERSION = 5.0;
				TARGETED_DEVICE_FAMILY = "1,2";
			};
			name = Debug;
		};
		1E0B430F2BED103F002DF0E8 /* Release */ = {
			isa = XCBuildConfiguration;
			buildSettings = {
				ASSETCATALOG_COMPILER_APPICON_NAME = AppIcon;
				ASSETCATALOG_COMPILER_GLOBAL_ACCENT_COLOR_NAME = AccentColor;
				CODE_SIGN_STYLE = Automatic;
				CURRENT_PROJECT_VERSION = 1;
				DEVELOPMENT_ASSET_PATHS = "\"poke-index/Preview Content\"";
				ENABLE_PREVIEWS = YES;
				GENERATE_INFOPLIST_FILE = YES;
				INFOPLIST_KEY_UIApplicationSceneManifest_Generation = YES;
				INFOPLIST_KEY_UIApplicationSupportsIndirectInputEvents = YES;
				INFOPLIST_KEY_UILaunchScreen_Generation = YES;
				INFOPLIST_KEY_UISupportedInterfaceOrientations_iPad = "UIInterfaceOrientationPortrait UIInterfaceOrientationPortraitUpsideDown UIInterfaceOrientationLandscapeLeft UIInterfaceOrientationLandscapeRight";
				INFOPLIST_KEY_UISupportedInterfaceOrientations_iPhone = "UIInterfaceOrientationPortrait UIInterfaceOrientationLandscapeLeft UIInterfaceOrientationLandscapeRight";
				IPHONEOS_DEPLOYMENT_TARGET = 17.0;
				LD_RUNPATH_SEARCH_PATHS = (
					"$(inherited)",
					"@executable_path/Frameworks",
				);
				MARKETING_VERSION = 1.0;
				PRODUCT_BUNDLE_IDENTIFIER = "com.garymeehan.poke-index";
				PRODUCT_NAME = "$(TARGET_NAME)";
				SWIFT_EMIT_LOC_STRINGS = YES;
				SWIFT_VERSION = 5.0;
				TARGETED_DEVICE_FAMILY = "1,2";
			};
			name = Release;
		};
/* End XCBuildConfiguration section */

/* Begin XCConfigurationList section */
		1E0B42F52BED103A002DF0E8 /* Build configuration list for PBXProject "poke-index" */ = {
			isa = XCConfigurationList;
			buildConfigurations = (
				1E0B430B2BED103F002DF0E8 /* Debug */,
				1E0B430C2BED103F002DF0E8 /* Release */,
			);
			defaultConfigurationIsVisible = 0;
			defaultConfigurationName = Release;
		};
		1E0B430D2BED103F002DF0E8 /* Build configuration list for PBXNativeTarget "poke-index" */ = {
			isa = XCConfigurationList;
			buildConfigurations = (
				1E0B430E2BED103F002DF0E8 /* Debug */,
				1E0B430F2BED103F002DF0E8 /* Release */,
			);
			defaultConfigurationIsVisible = 0;
			defaultConfigurationName = Release;
		};
/* End XCConfigurationList section */
	};
	rootObject = 1E0B42F22BED103A002DF0E8 /* Project object */;
}
